
Microsoft Visual Studio Solution File, Format Version 12.00
# Visual Studio Version 17
VisualStudioVersion = 17.10.35122.118
MinimumVisualStudioVersion = 10.0.40219.1
Project("{FAE04EC0-301F-11D3-BF4B-00C04F79EFBC}") = "Phumla Kamanadi", "Phumla Kamanadi.csproj", "{76240A6D-780A-4B9D-8969-257B58359463}"
EndProject
Project("{2150E333-8FDC-42A3-9474-1A3956D46DE8}") = "Solution Items", "Solution Items", "{9D6DE607-0434-4F39-9455-15639EC2BB17}"
	ProjectSection(SolutionItems) = preProject
		Booking.cs = Booking.cs
		Branch.cs = Branch.cs
		Customer.cs = Customer.cs
		form1.cs = form1.cs
	EndProjectSection
EndProject
Global
	GlobalSection(SolutionConfigurationPlatforms) = preSolution
		Debug|Any CPU = Debug|Any CPU
		Release|Any CPU = Release|Any CPU
	EndGlobalSection
	GlobalSection(ProjectConfigurationPlatforms) = postSolution
		{76240A6D-780A-4B9D-8969-257B58359463}.Debug|Any CPU.ActiveCfg = Debug|Any CPU
		{76240A6D-780A-4B9D-8969-257B58359463}.Debug|Any CPU.Build.0 = Debug|Any CPU
		{76240A6D-780A-4B9D-8969-257B58359463}.Release|Any CPU.ActiveCfg = Release|Any CPU
		{76240A6D-780A-4B9D-8969-257B58359463}.Release|Any CPU.Build.0 = Release|Any CPU
	EndGlobalSection
	GlobalSection(SolutionProperties) = preSolution
		HideSolutionNode = FALSE
	EndGlobalSection
	GlobalSection(ExtensibilityGlobals) = postSolution
		SolutionGuid = {763EEB9A-30DD-4296-BE4C-312310F5AD03}
	EndGlobalSection
EndGlobal
