
Microsoft Visual Studio Solution File, Format Version 12.00
# Visual Studio Version 17
VisualStudioVersion = 17.11.35208.52
MinimumVisualStudioVersion = 10.0.40219.1
Project("{FAE04EC0-301F-11D3-BF4B-00C04F79EFBC}") = "Phumla Kamnandi", "Phumla Kamnandi.csproj", "{09FAFE8A-AF06-4607-91AF-D1DF35FD26EF}"
EndProject
Global
	GlobalSection(SolutionConfigurationPlatforms) = preSolution
		Debug|Any CPU = Debug|Any CPU
		Release|Any CPU = Release|Any CPU
	EndGlobalSection
	GlobalSection(ProjectConfigurationPlatforms) = postSolution
		{09FAFE8A-AF06-4607-91AF-D1DF35FD26EF}.Debug|Any CPU.ActiveCfg = Debug|Any CPU
		{09FAFE8A-AF06-4607-91AF-D1DF35FD26EF}.Debug|Any CPU.Build.0 = Debug|Any CPU
		{09FAFE8A-AF06-4607-91AF-D1DF35FD26EF}.Release|Any CPU.ActiveCfg = Release|Any CPU
		{09FAFE8A-AF06-4607-91AF-D1DF35FD26EF}.Release|Any CPU.Build.0 = Release|Any CPU
	EndGlobalSection
	GlobalSection(SolutionProperties) = preSolution
		HideSolutionNode = FALSE
	EndGlobalSection
	GlobalSection(ExtensibilityGlobals) = postSolution
		SolutionGuid = {F9CF631B-6FCC-4075-8236-9F881036AC88}
	EndGlobalSection
EndGlobal
